
Microsoft Visual Studio Solution File, Format Version 12.00
# Visual Studio Version 16
VisualStudioVersion = 16.0.808.6
MinimumVisualStudioVersion = 10.0.40219.1
Project("{FAE04EC0-301F-11D3-BF4B-00C04F79EFBC}") = "Continnousdeployment", "Continnousdeployment\Continnousdeployment.csproj", "{3F15ED28-0F52-449A-9053-9DEB691D5A53}"
EndProject
Global
	GlobalSection(SolutionConfigurationPlatforms) = preSolution
		Debug|Any CPU = Debug|Any CPU
		Release|Any CPU = Release|Any CPU
	EndGlobalSection
	GlobalSection(ProjectConfigurationPlatforms) = postSolution
		{3F15ED28-0F52-449A-9053-9DEB691D5A53}.Debug|Any CPU.ActiveCfg = Debug|Any CPU
		{3F15ED28-0F52-449A-9053-9DEB691D5A53}.Debug|Any CPU.Build.0 = Debug|Any CPU
		{3F15ED28-0F52-449A-9053-9DEB691D5A53}.Release|Any CPU.ActiveCfg = Release|Any CPU
		{3F15ED28-0F52-449A-9053-9DEB691D5A53}.Release|Any CPU.Build.0 = Release|Any CPU
	EndGlobalSection
	GlobalSection(SolutionProperties) = preSolution
		HideSolutionNode = FALSE
	EndGlobalSection
	GlobalSection(ExtensibilityGlobals) = postSolution
		SolutionGuid = {CE8CB6ED-E0DB-4757-9E80-0C0ADB0BE124}
	EndGlobalSection
EndGlobal
